{
  "name": "whatsapp-desktop-dark",
  "version": "0.3.3793",
  "lockfileVersion": 1,
  "requires": true,
  "dependencies": {
    "connected-domain": {
      "version": "1.0.0",
      "resolved": "https://registry.npmjs.org/connected-domain/-/connected-domain-1.0.0.tgz",
      "integrity": "sha1-v+dyOMdL5FOnnwy2BY3utPI1jpM="
    },
    "ps-node": {
      "version": "0.1.6",
      "resolved": "https://registry.npmjs.org/ps-node/-/ps-node-0.1.6.tgz",
      "integrity": "sha1-mvZ6mdex0BMuUaUDCZ04qNKs4sM=",
      "requires": {
        "table-parser": "0.1.3"
      }
    },
    "table-parser": {
      "version": "0.1.3",
      "resolved": "https://registry.npmjs.org/table-parser/-/table-parser-0.1.3.tgz",
      "integrity": "sha1-BEHPzhallIFoTCfRtaZ/8VpDx7A=",
      "requires": {
        "connected-domain": "1.0.0"
      }
    }
  }
}
